Microsoft Visual Studio Solution File, Format Version 12.00
# Visual Studio Version 17
VisualStudioVersion = 17.5.2.0
MinimumVisualStudioVersion = 10.0.40219.1
Project("{FAE04EC0-301F-11D3-BF4B-00C04F79EFBC}") = "ShortcutHUD", "ShortcutHUD.csproj", "{4A67C9CB-1D4A-CBDD-4383-1036933159DE}"
EndProject
Global
	GlobalSection(SolutionConfigurationPlatforms) = preSolution
		Debug|Any CPU = Debug|Any CPU
		Release|Any CPU = Release|Any CPU
	EndGlobalSection
	GlobalSection(ProjectConfigurationPlatforms) = postSolution
		{4A67C9CB-1D4A-CBDD-4383-1036933159DE}.Debug|Any CPU.ActiveCfg = Debug|Any CPU
		{4A67C9CB-1D4A-CBDD-4383-1036933159DE}.Debug|Any CPU.Build.0 = Debug|Any CPU
		{4A67C9CB-1D4A-CBDD-4383-1036933159DE}.Release|Any CPU.ActiveCfg = Release|Any CPU
		{4A67C9CB-1D4A-CBDD-4383-1036933159DE}.Release|Any CPU.Build.0 = Release|Any CPU
	EndGlobalSection
	GlobalSection(SolutionProperties) = preSolution
		HideSolutionNode = FALSE
	EndGlobalSection
	GlobalSection(ExtensibilityGlobals) = postSolution
		SolutionGuid = {3307AD60-5384-45D5-82C0-4EA6B583ED23}
	EndGlobalSection
EndGlobal
